// !$*UTF8*$!
{
	archiveVersion = 1;
	classes = {
	};
	objectVersion = 48;
	objects = {

/* Begin PBXBuildFile section */
		0C41A59F20570CD800E042F3 /* WeatherCell.xib in Resources */ = {isa = PBXBuildFile; fileRef = 0C41A59E20570CD800E042F3 /* WeatherCell.xib */; };
		0C41A5A32057198A00E042F3 /* WeatherCell.swift in Sources */ = {isa = PBXBuildFile; fileRef = 0C41A5A22057198A00E042F3 /* WeatherCell.swift */; };
		0C41A5A520572AB800E042F3 /* WeatherCityResult.swift in Sources */ = {isa = PBXBuildFile; fileRef = 0C41A5A420572AB800E042F3 /* WeatherCityResult.swift */; };
		0C41A5A7205739E600E042F3 /* XMLWeatherParser.swift in Sources */ = {isa = PBXBuildFile; fileRef = 0C41A5A6205739E600E042F3 /* XMLWeatherParser.swift */; };
		0C41A5A92057875600E042F3 /* Images.xcassets in Resources */ = {isa = PBXBuildFile; fileRef = 0C41A5A82057875600E042F3 /* Images.xcassets */; };
		0C4FD8762053053000FDC35F /* XMLFeedParser.swift in Sources */ = {isa = PBXBuildFile; fileRef = 0C4FD8752053053000FDC35F /* XMLFeedParser.swift */; };
		0C4FD87C20533DA900FDC35F /* RSSFeedItemResult.swift in Sources */ = {isa = PBXBuildFile; fileRef = 0C4FD87B20533DA900FDC35F /* RSSFeedItemResult.swift */; };
		0C4FD8832053485C00FDC35F /* RSSFeedViewController.swift in Sources */ = {isa = PBXBuildFile; fileRef = 0C4FD8822053485C00FDC35F /* RSSFeedViewController.swift */; };
		0C644A362053532F00F514A2 /* RSSFeedItemCell.xib in Resources */ = {isa = PBXBuildFile; fileRef = 0C644A352053532F00F514A2 /* RSSFeedItemCell.xib */; };
		0C644A3A20535CAA00F514A2 /* RSSFeedItemCell.swift in Sources */ = {isa = PBXBuildFile; fileRef = 0C644A3920535CAA00F514A2 /* RSSFeedItemCell.swift */; };
		0C644A3C2053689700F514A2 /* Constants.swift in Sources */ = {isa = PBXBuildFile; fileRef = 0C644A3B2053689700F514A2 /* Constants.swift */; };
		0C644A3E205445EA00F514A2 /* Networking.swift in Sources */ = {isa = PBXBuildFile; fileRef = 0C644A3D205445EA00F514A2 /* Networking.swift */; };
		0C644A422054497D00F514A2 /* LoadingFeedCell.xib in Resources */ = {isa = PBXBuildFile; fileRef = 0C644A412054497D00F514A2 /* LoadingFeedCell.xib */; };
		0C644A462054F06D00F514A2 /* ArticleDetailsViewController.swift in Sources */ = {isa = PBXBuildFile; fileRef = 0C644A452054F06D00F514A2 /* ArticleDetailsViewController.swift */; };
		0C644A6E2055C8FE00F514A2 /* SideMenuTableViewController.swift in Sources */ = {isa = PBXBuildFile; fileRef = 0C644A6D2055C8FE00F514A2 /* SideMenuTableViewController.swift */; };
		0C644A702055E0A400F514A2 /* FlickerPicsViewController.swift in Sources */ = {isa = PBXBuildFile; fileRef = 0C644A6F2055E0A400F514A2 /* FlickerPicsViewController.swift */; };
		0C644A722055E11300F514A2 /* weatherViewController.swift in Sources */ = {isa = PBXBuildFile; fileRef = 0C644A712055E11300F514A2 /* weatherViewController.swift */; };
		0C644A742055E34B00F514A2 /* MapViewController.swift in Sources */ = {isa = PBXBuildFile; fileRef = 0C644A732055E34B00F514A2 /* MapViewController.swift */; };
		0C644A7620560B0900F514A2 /* RestaurantsViewController.swift in Sources */ = {isa = PBXBuildFile; fileRef = 0C644A7520560B0900F514A2 /* RestaurantsViewController.swift */; };
		0C82BE6D2050EECC00B9667C /* AppDelegate.swift in Sources */ = {isa = PBXBuildFile; fileRef = 0C82BE6C2050EECC00B9667C /* AppDelegate.swift */; };
		0C82BE722050EECC00B9667C /* Main.storyboard in Resources */ = {isa = PBXBuildFile; fileRef = 0C82BE702050EECC00B9667C /* Main.storyboard */; };
		0C82BE772050EECC00B9667C /* LaunchScreen.storyboard in Resources */ = {isa = PBXBuildFile; fileRef = 0C82BE752050EECC00B9667C /* LaunchScreen.storyboard */; };
		69AD5EA4E2F95CEEBE034684 /* Pods_Todays.framework in Frameworks */ = {isa = PBXBuildFile; fileRef = CE26114A5713CF7F200CCD4C /* Pods_Todays.framework */; };
/* End PBXBuildFile section */

/* Begin PBXFileReference section */
		0C41A59E20570CD800E042F3 /* WeatherCell.xib */ = {isa = PBXFileReference; lastKnownFileType = file.xib; path = WeatherCell.xib; sourceTree = "<group>"; };
		0C41A5A22057198A00E042F3 /* WeatherCell.swift */ = {isa = PBXFileReference; lastKnownFileType = sourcecode.swift; path = WeatherCell.swift; sourceTree = "<group>"; };
		0C41A5A420572AB800E042F3 /* WeatherCityResult.swift */ = {isa = PBXFileReference; lastKnownFileType = sourcecode.swift; path = WeatherCityResult.swift; sourceTree = "<group>"; };
		0C41A5A6205739E600E042F3 /* XMLWeatherParser.swift */ = {isa = PBXFileReference; lastKnownFileType = sourcecode.swift; path = XMLWeatherParser.swift; sourceTree = "<group>"; };
		0C41A5A82057875600E042F3 /* Images.xcassets */ = {isa = PBXFileReference; lastKnownFileType = folder.assetcatalog; path = Images.xcassets; sourceTree = "<group>"; };
		0C4FD8752053053000FDC35F /* XMLFeedParser.swift */ = {isa = PBXFileReference; lastKnownFileType = sourcecode.swift; path = XMLFeedParser.swift; sourceTree = "<group>"; };
		0C4FD87B20533DA900FDC35F /* RSSFeedItemResult.swift */ = {isa = PBXFileReference; lastKnownFileType = sourcecode.swift; path = RSSFeedItemResult.swift; sourceTree = "<group>"; };
		0C4FD8822053485C00FDC35F /* RSSFeedViewController.swift */ = {isa = PBXFileReference; lastKnownFileType = sourcecode.swift; path = RSSFeedViewController.swift; sourceTree = "<group>"; };
		0C644A352053532F00F514A2 /* RSSFeedItemCell.xib */ = {isa = PBXFileReference; lastKnownFileType = file.xib; path = RSSFeedItemCell.xib; sourceTree = "<group>"; };
		0C644A3920535CAA00F514A2 /* RSSFeedItemCell.swift */ = {isa = PBXFileReference; lastKnownFileType = sourcecode.swift; path = RSSFeedItemCell.swift; sourceTree = "<group>"; };
		0C644A3B2053689700F514A2 /* Constants.swift */ = {isa = PBXFileReference; lastKnownFileType = sourcecode.swift; path = Constants.swift; sourceTree = "<group>"; };
		0C644A3D205445EA00F514A2 /* Networking.swift */ = {isa = PBXFileReference; lastKnownFileType = sourcecode.swift; path = Networking.swift; sourceTree = "<group>"; };
		0C644A412054497D00F514A2 /* LoadingFeedCell.xib */ = {isa = PBXFileReference; lastKnownFileType = file.xib; path = LoadingFeedCell.xib; sourceTree = "<group>"; };
		0C644A452054F06D00F514A2 /* ArticleDetailsViewController.swift */ = {isa = PBXFileReference; lastKnownFileType = sourcecode.swift; path = ArticleDetailsViewController.swift; sourceTree = "<group>"; };
		0C644A6D2055C8FE00F514A2 /* SideMenuTableViewController.swift */ = {isa = PBXFileReference; lastKnownFileType = sourcecode.swift; path = SideMenuTableViewController.swift; sourceTree = "<group>"; };
		0C644A6F2055E0A400F514A2 /* FlickerPicsViewController.swift */ = {isa = PBXFileReference; lastKnownFileType = sourcecode.swift; path = FlickerPicsViewController.swift; sourceTree = "<group>"; };
		0C644A712055E11300F514A2 /* weatherViewController.swift */ = {isa = PBXFileReference; lastKnownFileType = sourcecode.swift; path = weatherViewController.swift; sourceTree = "<group>"; };
		0C644A732055E34B00F514A2 /* MapViewController.swift */ = {isa = PBXFileReference; lastKnownFileType = sourcecode.swift; path = MapViewController.swift; sourceTree = "<group>"; };
		0C644A7520560B0900F514A2 /* RestaurantsViewController.swift */ = {isa = PBXFileReference; lastKnownFileType = sourcecode.swift; path = RestaurantsViewController.swift; sourceTree = "<group>"; };
		0C82BE692050EECC00B9667C /* Todays.app */ = {isa = PBXFileReference; explicitFileType = wrapper.application; includeInIndex = 0; path = Todays.app; sourceTree = BUILT_PRODUCTS_DIR; };
		0C82BE6C2050EECC00B9667C /* AppDelegate.swift */ = {isa = PBXFileReference; lastKnownFileType = sourcecode.swift; path = AppDelegate.swift; sourceTree = "<group>"; };
		0C82BE712050EECC00B9667C /* Base */ = {isa = PBXFileReference; lastKnownFileType = file.storyboard; name = Base; path = Base.lproj/Main.storyboard; sourceTree = "<group>"; };
		0C82BE762050EECC00B9667C /* Base */ = {isa = PBXFileReference; lastKnownFileType = file.storyboard; name = Base; path = Base.lproj/LaunchScreen.storyboard; sourceTree = "<group>"; };
		0C82BE782050EECC00B9667C /* Info.plist */ = {isa = PBXFileReference; lastKnownFileType = text.plist.xml; path = Info.plist; sourceTree = "<group>"; };
		BD30EA08061E4D9FD871D548 /* Pods-Todays.debug.xcconfig */ = {isa = PBXFileReference; includeInIndex = 1; lastKnownFileType = text.xcconfig; name = "Pods-Todays.debug.xcconfig"; path = "Pods/Target Support Files/Pods-Todays/Pods-Todays.debug.xcconfig"; sourceTree = "<group>"; };
		CE26114A5713CF7F200CCD4C /* Pods_Todays.framework */ = {isa = PBXFileReference; explicitFileType = wrapper.framework; includeInIndex = 0; path = Pods_Todays.framework; sourceTree = BUILT_PRODUCTS_DIR; };
		E4D389F089F23050674758F3 /* Pods-Todays.release.xcconfig */ = {isa = PBXFileReference; includeInIndex = 1; lastKnownFileType = text.xcconfig; name = "Pods-Todays.release.xcconfig"; path = "Pods/Target Support Files/Pods-Todays/Pods-Todays.release.xcconfig"; sourceTree = "<group>"; };
/* End PBXFileReference section */

/* Begin PBXFrameworksBuildPhase section */
		0C82BE662050EECC00B9667C /* Frameworks */ = {
			isa = PBXFrameworksBuildPhase;
			buildActionMask = 2147483647;
			files = (
				69AD5EA4E2F95CEEBE034684 /* Pods_Todays.framework in Frameworks */,
			);
			runOnlyForDeploymentPostprocessing = 0;
		};
/* End PBXFrameworksBuildPhase section */

/* Begin PBXGroup section */
		0C4FD87D20533DD500FDC35F /* API */ = {
			isa = PBXGroup;
			children = (
				0C4FD8752053053000FDC35F /* XMLFeedParser.swift */,
				0C41A5A6205739E600E042F3 /* XMLWeatherParser.swift */,
				0C644A3D205445EA00F514A2 /* Networking.swift */,
			);
			path = API;
			sourceTree = "<group>";
		};
		0C4FD87E20533DE800FDC35F /* Data Models */ = {
			isa = PBXGroup;
			children = (
				0C4FD87B20533DA900FDC35F /* RSSFeedItemResult.swift */,
				0C41A5A420572AB800E042F3 /* WeatherCityResult.swift */,
			);
			path = "Data Models";
			sourceTree = "<group>";
		};
		0C4FD87F20533DFC00FDC35F /* Controllers */ = {
			isa = PBXGroup;
			children = (
				0C644A6D2055C8FE00F514A2 /* SideMenuTableViewController.swift */,
				0C644A732055E34B00F514A2 /* MapViewController.swift */,
				0C4FD8822053485C00FDC35F /* RSSFeedViewController.swift */,
				0C644A452054F06D00F514A2 /* ArticleDetailsViewController.swift */,
				0C644A712055E11300F514A2 /* weatherViewController.swift */,
				0C644A6F2055E0A400F514A2 /* FlickerPicsViewController.swift */,
				0C644A7520560B0900F514A2 /* RestaurantsViewController.swift */,
			);
			path = Controllers;
			sourceTree = "<group>";
		};
		0C644A372053533400F514A2 /* View */ = {
			isa = PBXGroup;
			children = (
				0C644A3920535CAA00F514A2 /* RSSFeedItemCell.swift */,
				0C41A5A22057198A00E042F3 /* WeatherCell.swift */,
				0C644A352053532F00F514A2 /* RSSFeedItemCell.xib */,
				0C41A59E20570CD800E042F3 /* WeatherCell.xib */,
				0C644A412054497D00F514A2 /* LoadingFeedCell.xib */,
				0C82BE702050EECC00B9667C /* Main.storyboard */,
			);
			path = View;
			sourceTree = "<group>";
		};
		0C644A382053539D00F514A2 /* Helpers */ = {
			isa = PBXGroup;
			children = (
				0C644A3B2053689700F514A2 /* Constants.swift */,
			);
			path = Helpers;
			sourceTree = "<group>";
		};
		0C82BE602050EECC00B9667C = {
			isa = PBXGroup;
			children = (
				0C41A5A82057875600E042F3 /* Images.xcassets */,
				0C82BE6B2050EECC00B9667C /* Todays */,
				0C82BE6A2050EECC00B9667C /* Products */,
				0EFCFE3DFF7D7ACE8120E377 /* Pods */,
				0D3CDC083D087B5475E227ED /* Frameworks */,
			);
			sourceTree = "<group>";
		};
		0C82BE6A2050EECC00B9667C /* Products */ = {
			isa = PBXGroup;
			children = (
				0C82BE692050EECC00B9667C /* Todays.app */,
			);
			name = Products;
			sourceTree = "<group>";
		};
		0C82BE6B2050EECC00B9667C /* Todays */ = {
			isa = PBXGroup;
			children = (
				0C82BE6C2050EECC00B9667C /* AppDelegate.swift */,
				0C4FD87F20533DFC00FDC35F /* Controllers */,
				0C4FD87E20533DE800FDC35F /* Data Models */,
				0C644A372053533400F514A2 /* View */,
				0C4FD87D20533DD500FDC35F /* API */,
				0C644A382053539D00F514A2 /* Helpers */,
				0C82BE752050EECC00B9667C /* LaunchScreen.storyboard */,
				0C82BE782050EECC00B9667C /* Info.plist */,
			);
			path = Todays;
			sourceTree = "<group>";
		};
		0D3CDC083D087B5475E227ED /* Frameworks */ = {
			isa = PBXGroup;
			children = (
				CE26114A5713CF7F200CCD4C /* Pods_Todays.framework */,
			);
			name = Frameworks;
			sourceTree = "<group>";
		};
		0EFCFE3DFF7D7ACE8120E377 /* Pods */ = {
			isa = PBXGroup;
			children = (
				BD30EA08061E4D9FD871D548 /* Pods-Todays.debug.xcconfig */,
				E4D389F089F23050674758F3 /* Pods-Todays.release.xcconfig */,
			);
			name = Pods;
			sourceTree = "<group>";
		};
/* End PBXGroup section */

/* Begin PBXNativeTarget section */
		0C82BE682050EECC00B9667C /* Todays */ = {
			isa = PBXNativeTarget;
			buildConfigurationList = 0C82BE7B2050EECC00B9667C /* Build configuration list for PBXNativeTarget "Todays" */;
			buildPhases = (
				A28F8BA56B6DC1038A385B5F /* [CP] Check Pods Manifest.lock */,
				0C82BE652050EECC00B9667C /* Sources */,
				0C82BE662050EECC00B9667C /* Frameworks */,
				0C82BE672050EECC00B9667C /* Resources */,
				40E4F52CF966B1056F1FB030 /* [CP] Embed Pods Frameworks */,
				BDB35C07D7CF96494555610F /* [CP] Copy Pods Resources */,
			);
			buildRules = (
			);
			dependencies = (
			);
			name = Todays;
			productName = Todays;
			productReference = 0C82BE692050EECC00B9667C /* Todays.app */;
			productType = "com.apple.product-type.application";
		};
/* End PBXNativeTarget section */

/* Begin PBXProject section */
		0C82BE612050EECC00B9667C /* Project object */ = {
			isa = PBXProject;
			attributes = {
				LastSwiftUpdateCheck = 0920;
				LastUpgradeCheck = 0920;
				ORGANIZATIONNAME = "Yehia Arafa";
				TargetAttributes = {
					0C82BE682050EECC00B9667C = {
						CreatedOnToolsVersion = 9.2;
						ProvisioningStyle = Automatic;
					};
				};
			};
			buildConfigurationList = 0C82BE642050EECC00B9667C /* Build configuration list for PBXProject "Todays" */;
			compatibilityVersion = "Xcode 8.0";
			developmentRegion = en;
			hasScannedForEncodings = 0;
			knownRegions = (
				en,
				Base,
			);
			mainGroup = 0C82BE602050EECC00B9667C;
			productRefGroup = 0C82BE6A2050EECC00B9667C /* Products */;
			projectDirPath = "";
			projectRoot = "";
			targets = (
				0C82BE682050EECC00B9667C /* Todays */,
			);
		};
/* End PBXProject section */

/* Begin PBXResourcesBuildPhase section */
		0C82BE672050EECC00B9667C /* Resources */ = {
			isa = PBXResourcesBuildPhase;
			buildActionMask = 2147483647;
			files = (
				0C82BE772050EECC00B9667C /* LaunchScreen.storyboard in Resources */,
				0C82BE722050EECC00B9667C /* Main.storyboard in Resources */,
				0C644A422054497D00F514A2 /* LoadingFeedCell.xib in Resources */,
				0C41A5A92057875600E042F3 /* Images.xcassets in Resources */,
				0C41A59F20570CD800E042F3 /* WeatherCell.xib in Resources */,
				0C644A362053532F00F514A2 /* RSSFeedItemCell.xib in Resources */,
			);
			runOnlyForDeploymentPostprocessing = 0;
		};
/* End PBXResourcesBuildPhase section */

/* Begin PBXShellScriptBuildPhase section */
		40E4F52CF966B1056F1FB030 /* [CP] Embed Pods Frameworks */ = {
			isa = PBXShellScriptBuildPhase;
			buildActionMask = 2147483647;
			files = (
			);
			inputPaths = (
				"${SRCROOT}/Pods/Target Support Files/Pods-Todays/Pods-Todays-frameworks.sh",
				"${BUILT_PRODUCTS_DIR}/SideMenu/SideMenu.framework",
			);
			name = "[CP] Embed Pods Frameworks";
			outputPaths = (
				"${TARGET_BUILD_DIR}/${FRAMEWORKS_FOLDER_PATH}/SideMenu.framework",
			);
			runOnlyForDeploymentPostprocessing = 0;
			shellPath = /bin/sh;
			shellScript = "\"${SRCROOT}/Pods/Target Support Files/Pods-Todays/Pods-Todays-frameworks.sh\"\n";
			showEnvVarsInLog = 0;
		};
		A28F8BA56B6DC1038A385B5F /* [CP] Check Pods Manifest.lock */ = {
			isa = PBXShellScriptBuildPhase;
			buildActionMask = 2147483647;
			files = (
			);
			inputPaths = (
				"${PODS_PODFILE_DIR_PATH}/Podfile.lock",
				"${PODS_ROOT}/Manifest.lock",
			);
			name = "[CP] Check Pods Manifest.lock";
			outputPaths = (
				"$(DERIVED_FILE_DIR)/Pods-Todays-checkManifestLockResult.txt",
			);
			runOnlyForDeploymentPostprocessing = 0;
			shellPath = /bin/sh;
			shellScript = "diff \"${PODS_PODFILE_DIR_PATH}/Podfile.lock\" \"${PODS_ROOT}/Manifest.lock\" > /dev/null\nif [ $? != 0 ] ; then\n    # print error to STDERR\n    echo \"error: The sandbox is not in sync with the Podfile.lock. Run 'pod install' or update your CocoaPods installation.\" >&2\n    exit 1\nfi\n# This output is used by Xcode 'outputs' to avoid re-running this script phase.\necho \"SUCCESS\" > \"${SCRIPT_OUTPUT_FILE_0}\"\n";
			showEnvVarsInLog = 0;
		};
		BDB35C07D7CF96494555610F /* [CP] Copy Pods Resources */ = {
			isa = PBXShellScriptBuildPhase;
			buildActionMask = 2147483647;
			files = (
			);
			inputPaths = (
			);
			name = "[CP] Copy Pods Resources";
			outputPaths = (
			);
			runOnlyForDeploymentPostprocessing = 0;
			shellPath = /bin/sh;
			shellScript = "\"${SRCROOT}/Pods/Target Support Files/Pods-Todays/Pods-Todays-resources.sh\"\n";
			showEnvVarsInLog = 0;
		};
/* End PBXShellScriptBuildPhase section */

/* Begin PBXSourcesBuildPhase section */
		0C82BE652050EECC00B9667C /* Sources */ = {
			isa = PBXSourcesBuildPhase;
			buildActionMask = 2147483647;
			files = (
				0C644A3A20535CAA00F514A2 /* RSSFeedItemCell.swift in Sources */,
				0C4FD8832053485C00FDC35F /* RSSFeedViewController.swift in Sources */,
				0C82BE6D2050EECC00B9667C /* AppDelegate.swift in Sources */,
				0C41A5A520572AB800E042F3 /* WeatherCityResult.swift in Sources */,
				0C4FD8762053053000FDC35F /* XMLFeedParser.swift in Sources */,
				0C644A702055E0A400F514A2 /* FlickerPicsViewController.swift in Sources */,
				0C644A6E2055C8FE00F514A2 /* SideMenuTableViewController.swift in Sources */,
				0C41A5A32057198A00E042F3 /* WeatherCell.swift in Sources */,
				0C4FD87C20533DA900FDC35F /* RSSFeedItemResult.swift in Sources */,
				0C644A742055E34B00F514A2 /* MapViewController.swift in Sources */,
				0C644A7620560B0900F514A2 /* RestaurantsViewController.swift in Sources */,
				0C644A3C2053689700F514A2 /* Constants.swift in Sources */,
				0C644A462054F06D00F514A2 /* ArticleDetailsViewController.swift in Sources */,
				0C644A3E205445EA00F514A2 /* Networking.swift in Sources */,
				0C644A722055E11300F514A2 /* weatherViewController.swift in Sources */,
				0C41A5A7205739E600E042F3 /* XMLWeatherParser.swift in Sources */,
			);
			runOnlyForDeploymentPostprocessing = 0;
		};
/* End PBXSourcesBuildPhase section */

/* Begin PBXVariantGroup section */
		0C82BE702050EECC00B9667C /* Main.storyboard */ = {
			isa = PBXVariantGroup;
			children = (
				0C82BE712050EECC00B9667C /* Base */,
			);
			name = Main.storyboard;
			sourceTree = "<group>";
		};
		0C82BE752050EECC00B9667C /* LaunchScreen.storyboard */ = {
			isa = PBXVariantGroup;
			children = (
				0C82BE762050EECC00B9667C /* Base */,
			);
			name = LaunchScreen.storyboard;
			sourceTree = "<group>";
		};
/* End PBXVariantGroup section */

/* Begin XCBuildConfiguration section */
		0C82BE792050EECC00B9667C /* Debug */ = {
			isa = XCBuildConfiguration;
			buildSettings = {
				ALWAYS_SEARCH_USER_PATHS = NO;
				CLANG_ANALYZER_NONNULL = YES;
				CLANG_ANALYZER_NUMBER_OBJECT_CONVERSION = YES_AGGRESSIVE;
				CLANG_CXX_LANGUAGE_STANDARD = "gnu++14";
				CLANG_CXX_LIBRARY = "libc++";
				CLANG_ENABLE_MODULES = YES;
				CLANG_ENABLE_OBJC_ARC = YES;
				CLANG_WARN_BLOCK_CAPTURE_AUTORELEASING = YES;
				CLANG_WARN_BOOL_CONVERSION = YES;
				CLANG_WARN_COMMA = YES;
				CLANG_WARN_CONSTANT_CONVERSION = YES;
				CLANG_WARN_DIRECT_OBJC_ISA_USAGE = YES_ERROR;
				CLANG_WARN_DOCUMENTATION_COMMENTS = YES;
				CLANG_WARN_EMPTY_BODY = YES;
				CLANG_WARN_ENUM_CONVERSION = YES;
				CLANG_WARN_INFINITE_RECURSION = YES;
				CLANG_WARN_INT_CONVERSION = YES;
				CLANG_WARN_NON_LITERAL_NULL_CONVERSION = YES;
				CLANG_WARN_OBJC_LITERAL_CONVERSION = YES;
				CLANG_WARN_OBJC_ROOT_CLASS = YES_ERROR;
				CLANG_WARN_RANGE_LOOP_ANALYSIS = YES;
				CLANG_WARN_STRICT_PROTOTYPES = YES;
				CLANG_WARN_SUSPICIOUS_MOVE = YES;
				CLANG_WARN_UNGUARDED_AVAILABILITY = YES_AGGRESSIVE;
				CLANG_WARN_UNREACHABLE_CODE = YES;
				CLANG_WARN__DUPLICATE_METHOD_MATCH = YES;
				CODE_SIGN_IDENTITY = "iPhone Developer";
				COPY_PHASE_STRIP = NO;
				DEBUG_INFORMATION_FORMAT = dwarf;
				ENABLE_STRICT_OBJC_MSGSEND = YES;
				ENABLE_TESTABILITY = YES;
				GCC_C_LANGUAGE_STANDARD = gnu11;
				GCC_DYNAMIC_NO_PIC = NO;
				GCC_NO_COMMON_BLOCKS = YES;
				GCC_OPTIMIZATION_LEVEL = 0;
				GCC_PREPROCESSOR_DEFINITIONS = (
					"DEBUG=1",
					"$(inherited)",
				);
				GCC_WARN_64_TO_32_BIT_CONVERSION = YES;
				GCC_WARN_ABOUT_RETURN_TYPE = YES_ERROR;
				GCC_WARN_UNDECLARED_SELECTOR = YES;
				GCC_WARN_UNINITIALIZED_AUTOS = YES_AGGRESSIVE;
				GCC_WARN_UNUSED_FUNCTION = YES;
				GCC_WARN_UNUSED_VARIABLE = YES;
				IPHONEOS_DEPLOYMENT_TARGET = 11.2;
				MTL_ENABLE_DEBUG_INFO = YES;
				ONLY_ACTIVE_ARCH = YES;
				SDKROOT = iphoneos;
				SWIFT_ACTIVE_COMPILATION_CONDITIONS = DEBUG;
				SWIFT_OPTIMIZATION_LEVEL = "-Onone";
			};
			name = Debug;
		};
		0C82BE7A2050EECC00B9667C /* Release */ = {
			isa = XCBuildConfiguration;
			buildSettings = {
				ALWAYS_SEARCH_USER_PATHS = NO;
				CLANG_ANALYZER_NONNULL = YES;
				CLANG_ANALYZER_NUMBER_OBJECT_CONVERSION = YES_AGGRESSIVE;
				CLANG_CXX_LANGUAGE_STANDARD = "gnu++14";
				CLANG_CXX_LIBRARY = "libc++";
				CLANG_ENABLE_MODULES = YES;
				CLANG_ENABLE_OBJC_ARC = YES;
				CLANG_WARN_BLOCK_CAPTURE_AUTORELEASING = YES;
				CLANG_WARN_BOOL_CONVERSION = YES;
				CLANG_WARN_COMMA = YES;
				CLANG_WARN_CONSTANT_CONVERSION = YES;
				CLANG_WARN_DIRECT_OBJC_ISA_USAGE = YES_ERROR;
				CLANG_WARN_DOCUMENTATION_COMMENTS = YES;
				CLANG_WARN_EMPTY_BODY = YES;
				CLANG_WARN_ENUM_CONVERSION = YES;
				CLANG_WARN_INFINITE_RECURSION = YES;
				CLANG_WARN_INT_CONVERSION = YES;
				CLANG_WARN_NON_LITERAL_NULL_CONVERSION = YES;
				CLANG_WARN_OBJC_LITERAL_CONVERSION = YES;
				CLANG_WARN_OBJC_ROOT_CLASS = YES_ERROR;
				CLANG_WARN_RANGE_LOOP_ANALYSIS = YES;
				CLANG_WARN_STRICT_PROTOTYPES = YES;
				CLANG_WARN_SUSPICIOUS_MOVE = YES;
				CLANG_WARN_UNGUARDED_AVAILABILITY = YES_AGGRESSIVE;
				CLANG_WARN_UNREACHABLE_CODE = YES;
				CLANG_WARN__DUPLICATE_METHOD_MATCH = YES;
				CODE_SIGN_IDENTITY = "iPhone Developer";
				COPY_PHASE_STRIP = NO;
				DEBUG_INFORMATION_FORMAT = "dwarf-with-dsym";
				ENABLE_NS_ASSERTIONS = NO;
				ENABLE_STRICT_OBJC_MSGSEND = YES;
				GCC_C_LANGUAGE_STANDARD = gnu11;
				GCC_NO_COMMON_BLOCKS = YES;
				GCC_WARN_64_TO_32_BIT_CONVERSION = YES;
				GCC_WARN_ABOUT_RETURN_TYPE = YES_ERROR;
				GCC_WARN_UNDECLARED_SELECTOR = YES;
				GCC_WARN_UNINITIALIZED_AUTOS = YES_AGGRESSIVE;
				GCC_WARN_UNUSED_FUNCTION = YES;
				GCC_WARN_UNUSED_VARIABLE = YES;
				IPHONEOS_DEPLOYMENT_TARGET = 11.2;
				MTL_ENABLE_DEBUG_INFO = NO;
				SDKROOT = iphoneos;
				SWIFT_OPTIMIZATION_LEVEL = "-Owholemodule";
				VALIDATE_PRODUCT = YES;
			};
			name = Release;
		};
		0C82BE7C2050EECC00B9667C /* Debug */ = {
			isa = XCBuildConfiguration;
			baseConfigurationReference = BD30EA08061E4D9FD871D548 /* Pods-Todays.debug.xcconfig */;
			buildSettings = {
				ASSETCATALOG_COMPILER_APPICON_NAME = AppIcon;
				CODE_SIGN_STYLE = Automatic;
				DEVELOPMENT_TEAM = J74M7HHQ56;
				INFOPLIST_FILE = Todays/Info.plist;
				LD_RUNPATH_SEARCH_PATHS = "$(inherited) @executable_path/Frameworks";
				PRODUCT_BUNDLE_IDENTIFIER = com.ninja.Todays;
				PRODUCT_NAME = "$(TARGET_NAME)";
				SWIFT_VERSION = 4.0;
				TARGETED_DEVICE_FAMILY = "1,2";
			};
			name = Debug;
		};
		0C82BE7D2050EECC00B9667C /* Release */ = {
			isa = XCBuildConfiguration;
			baseConfigurationReference = E4D389F089F23050674758F3 /* Pods-Todays.release.xcconfig */;
			buildSettings = {
				ASSETCATALOG_COMPILER_APPICON_NAME = AppIcon;
				CODE_SIGN_STYLE = Automatic;
				DEVELOPMENT_TEAM = J74M7HHQ56;
				INFOPLIST_FILE = Todays/Info.plist;
				LD_RUNPATH_SEARCH_PATHS = "$(inherited) @executable_path/Frameworks";
				PRODUCT_BUNDLE_IDENTIFIER = com.ninja.Todays;
				PRODUCT_NAME = "$(TARGET_NAME)";
				SWIFT_VERSION = 4.0;
				TARGETED_DEVICE_FAMILY = "1,2";
			};
			name = Release;
		};
/* End XCBuildConfiguration section */

/* Begin XCConfigurationList section */
		0C82BE642050EECC00B9667C /* Build configuration list for PBXProject "Todays" */ = {
			isa = XCConfigurationList;
			buildConfigurations = (
				0C82BE792050EECC00B9667C /* Debug */,
				0C82BE7A2050EECC00B9667C /* Release */,
			);
			defaultConfigurationIsVisible = 0;
			defaultConfigurationName = Release;
		};
		0C82BE7B2050EECC00B9667C /* Build configuration list for PBXNativeTarget "Todays" */ = {
			isa = XCConfigurationList;
			buildConfigurations = (
				0C82BE7C2050EECC00B9667C /* Debug */,
				0C82BE7D2050EECC00B9667C /* Release */,
			);
			defaultConfigurationIsVisible = 0;
			defaultConfigurationName = Release;
		};
/* End XCConfigurationList section */
	};
	rootObject = 0C82BE612050EECC00B9667C /* Project object */;
}
